// !$*UTF8*$!
{
	archiveVersion = 1;
	classes = {
	};
	objectVersion = 46;
	objects = {

/* Begin PBXBuildFile section */
		355099141EF3BE12008A65CA /* main.m in Sources */ = {isa = PBXBuildFile; fileRef = 355099131EF3BE12008A65CA /* main.m */; };
		355099171EF3BE12008A65CA /* AppDelegate.m in Sources */ = {isa = PBXBuildFile; fileRef = 355099161EF3BE12008A65CA /* AppDelegate.m */; };
		3550991A1EF3BE12008A65CA /* ViewController.m in Sources */ = {isa = PBXBuildFile; fileRef = 355099191EF3BE12008A65CA /* ViewController.m */; };
		3550991D1EF3BE12008A65CA /* Main.storyboard in Resources */ = {isa = PBXBuildFile; fileRef = 3550991B1EF3BE12008A65CA /* Main.storyboard */; };
		3550991F1EF3BE12008A65CA /* Assets.xcassets in Resources */ = {isa = PBXBuildFile; fileRef = 3550991E1EF3BE12008A65CA /* Assets.xcassets */; };
		355099221EF3BE12008A65CA /* LaunchScreen.storyboard in Resources */ = {isa = PBXBuildFile; fileRef = 355099201EF3BE12008A65CA /* LaunchScreen.storyboard */; };
		3550992D1EF3BE12008A65CA /* ALCalendarPickerDemoTests.m in Sources */ = {isa = PBXBuildFile; fileRef = 3550992C1EF3BE12008A65CA /* ALCalendarPickerDemoTests.m */; };
		3562DE201EF78AF80073E398 /* ALCalendarCell.m in Sources */ = {isa = PBXBuildFile; fileRef = 3562DE101EF78AF80073E398 /* ALCalendarCell.m */; };
		3562DE211EF78AF80073E398 /* ALCalendarCollectionView.m in Sources */ = {isa = PBXBuildFile; fileRef = 3562DE121EF78AF80073E398 /* ALCalendarCollectionView.m */; };
		3562DE221EF78AF80073E398 /* ALCalendarConfig.m in Sources */ = {isa = PBXBuildFile; fileRef = 3562DE141EF78AF80073E398 /* ALCalendarConfig.m */; };
		3562DE231EF78AF80073E398 /* ALCalendarDate.m in Sources */ = {isa = PBXBuildFile; fileRef = 3562DE161EF78AF80073E398 /* ALCalendarDate.m */; };
		3562DE241EF78AF80073E398 /* ALCalendarHeader.m in Sources */ = {isa = PBXBuildFile; fileRef = 3562DE181EF78AF80073E398 /* ALCalendarHeader.m */; };
		3562DE251EF78AF80073E398 /* ALCalendarHelper.m in Sources */ = {isa = PBXBuildFile; fileRef = 3562DE1A1EF78AF80073E398 /* ALCalendarHelper.m */; };
		3562DE261EF78AF80073E398 /* ALCalendarPicker.bundle in Resources */ = {isa = PBXBuildFile; fileRef = 3562DE1B1EF78AF80073E398 /* ALCalendarPicker.bundle */; };
		3562DE271EF78AF80073E398 /* ALCalendarPicker.m in Sources */ = {isa = PBXBuildFile; fileRef = 3562DE1D1EF78AF80073E398 /* ALCalendarPicker.m */; };
		3562DE281EF78AF80073E398 /* UIView+Frame.m in Sources */ = {isa = PBXBuildFile; fileRef = 3562DE1F1EF78AF80073E398 /* UIView+Frame.m */; };
		B21B2A5D6EDDFD36F83467DC /* libPods-ALCalendarPickerDemo.a in Frameworks */ = {isa = PBXBuildFile; fileRef = A70FD02F7D78E0EE9412B87E /* libPods-ALCalendarPickerDemo.a */; };
		BF382131A61F76425BEB9716 /* libPods-ALCalendarPickerDemoTests.a in Frameworks */ = {isa = PBXBuildFile; fileRef = 0B5703D22E2F2589862D5B51 /* libPods-ALCalendarPickerDemoTests.a */; };
/* End PBXBuildFile section */

/* Begin PBXContainerItemProxy section */
		355099291EF3BE12008A65CA /* PBXContainerItemProxy */ = {
			isa = PBXContainerItemProxy;
			containerPortal = 355099071EF3BE12008A65CA /* Project object */;
			proxyType = 1;
			remoteGlobalIDString = 3550990E1EF3BE12008A65CA;
			remoteInfo = ALCalendarPickerDemo;
		};
/* End PBXContainerItemProxy section */

/* Begin PBXFileReference section */
		0B5703D22E2F2589862D5B51 /* libPods-ALCalendarPickerDemoTests.a */ = {isa = PBXFileReference; explicitFileType = archive.ar; includeInIndex = 0; path = "libPods-ALCalendarPickerDemoTests.a"; sourceTree = BUILT_PRODUCTS_DIR; };
		3550990F1EF3BE12008A65CA /* ALCalendarPickerDemo.app */ = {isa = PBXFileReference; explicitFileType = wrapper.application; includeInIndex = 0; path = ALCalendarPickerDemo.app; sourceTree = BUILT_PRODUCTS_DIR; };
		355099131EF3BE12008A65CA /* main.m */ = {isa = PBXFileReference; lastKnownFileType = sourcecode.c.objc; path = main.m; sourceTree = "<group>"; };
		355099151EF3BE12008A65CA /* AppDelegate.h */ = {isa = PBXFileReference; lastKnownFileType = sourcecode.c.h; path = AppDelegate.h; sourceTree = "<group>"; };
		355099161EF3BE12008A65CA /* AppDelegate.m */ = {isa = PBXFileReference; lastKnownFileType = sourcecode.c.objc; path = AppDelegate.m; sourceTree = "<group>"; };
		355099181EF3BE12008A65CA /* ViewController.h */ = {isa = PBXFileReference; lastKnownFileType = sourcecode.c.h; path = ViewController.h; sourceTree = "<group>"; };
		355099191EF3BE12008A65CA /* ViewController.m */ = {isa = PBXFileReference; lastKnownFileType = sourcecode.c.objc; path = ViewController.m; sourceTree = "<group>"; };
		3550991C1EF3BE12008A65CA /* Base */ = {isa = PBXFileReference; lastKnownFileType = file.storyboard; name = Base; path = Base.lproj/Main.storyboard; sourceTree = "<group>"; };
		3550991E1EF3BE12008A65CA /* Assets.xcassets */ = {isa = PBXFileReference; lastKnownFileType = folder.assetcatalog; path = Assets.xcassets; sourceTree = "<group>"; };
		355099211EF3BE12008A65CA /* Base */ = {isa = PBXFileReference; lastKnownFileType = file.storyboard; name = Base; path = Base.lproj/LaunchScreen.storyboard; sourceTree = "<group>"; };
		355099231EF3BE12008A65CA /* Info.plist */ = {isa = PBXFileReference; lastKnownFileType = text.plist.xml; path = Info.plist; sourceTree = "<group>"; };
		355099281EF3BE12008A65CA /* ALCalendarPickerDemoTests.xctest */ = {isa = PBXFileReference; explicitFileType = wrapper.cfbundle; includeInIndex = 0; path = ALCalendarPickerDemoTests.xctest; sourceTree = BUILT_PRODUCTS_DIR; };
		3550992C1EF3BE12008A65CA /* ALCalendarPickerDemoTests.m */ = {isa = PBXFileReference; lastKnownFileType = sourcecode.c.objc; path = ALCalendarPickerDemoTests.m; sourceTree = "<group>"; };
		3550992E1EF3BE12008A65CA /* Info.plist */ = {isa = PBXFileReference; lastKnownFileType = text.plist.xml; path = Info.plist; sourceTree = "<group>"; };
		3562DE0F1EF78AF80073E398 /* ALCalendarCell.h */ = {isa = PBXFileReference; fileEncoding = 4; lastKnownFileType = sourcecode.c.h; path = ALCalendarCell.h; sourceTree = "<group>"; };
		3562DE101EF78AF80073E398 /* ALCalendarCell.m */ = {isa = PBXFileReference; fileEncoding = 4; lastKnownFileType = sourcecode.c.objc; path = ALCalendarCell.m; sourceTree = "<group>"; };
		3562DE111EF78AF80073E398 /* ALCalendarCollectionView.h */ = {isa = PBXFileReference; fileEncoding = 4; lastKnownFileType = sourcecode.c.h; path = ALCalendarCollectionView.h; sourceTree = "<group>"; };
		3562DE121EF78AF80073E398 /* ALCalendarCollectionView.m */ = {isa = PBXFileReference; fileEncoding = 4; lastKnownFileType = sourcecode.c.objc; path = ALCalendarCollectionView.m; sourceTree = "<group>"; };
		3562DE131EF78AF80073E398 /* ALCalendarConfig.h */ = {isa = PBXFileReference; fileEncoding = 4; lastKnownFileType = sourcecode.c.h; path = ALCalendarConfig.h; sourceTree = "<group>"; };
		3562DE141EF78AF80073E398 /* ALCalendarConfig.m */ = {isa = PBXFileReference; fileEncoding = 4; lastKnownFileType = sourcecode.c.objc; path = ALCalendarConfig.m; sourceTree = "<group>"; };
		3562DE151EF78AF80073E398 /* ALCalendarDate.h */ = {isa = PBXFileReference; fileEncoding = 4; lastKnownFileType = sourcecode.c.h; path = ALCalendarDate.h; sourceTree = "<group>"; };
		3562DE161EF78AF80073E398 /* ALCalendarDate.m */ = {isa = PBXFileReference; fileEncoding = 4; lastKnownFileType = sourcecode.c.objc; path = ALCalendarDate.m; sourceTree = "<group>"; };
		3562DE171EF78AF80073E398 /* ALCalendarHeader.h */ = {isa = PBXFileReference; fileEncoding = 4; lastKnownFileType = sourcecode.c.h; path = ALCalendarHeader.h; sourceTree = "<group>"; };
		3562DE181EF78AF80073E398 /* ALCalendarHeader.m */ = {isa = PBXFileReference; fileEncoding = 4; lastKnownFileType = sourcecode.c.objc; path = ALCalendarHeader.m; sourceTree = "<group>"; };
		3562DE191EF78AF80073E398 /* ALCalendarHelper.h */ = {isa = PBXFileReference; fileEncoding = 4; lastKnownFileType = sourcecode.c.h; path = ALCalendarHelper.h; sourceTree = "<group>"; };
		3562DE1A1EF78AF80073E398 /* ALCalendarHelper.m */ = {isa = PBXFileReference; fileEncoding = 4; lastKnownFileType = sourcecode.c.objc; path = ALCalendarHelper.m; sourceTree = "<group>"; };
		3562DE1B1EF78AF80073E398 /* ALCalendarPicker.bundle */ = {isa = PBXFileReference; lastKnownFileType = "wrapper.plug-in"; path = ALCalendarPicker.bundle; sourceTree = "<group>"; };
		3562DE1C1EF78AF80073E398 /* ALCalendarPicker.h */ = {isa = PBXFileReference; fileEncoding = 4; lastKnownFileType = sourcecode.c.h; path = ALCalendarPicker.h; sourceTree = "<group>"; };
		3562DE1D1EF78AF80073E398 /* ALCalendarPicker.m */ = {isa = PBXFileReference; fileEncoding = 4; lastKnownFileType = sourcecode.c.objc; path = ALCalendarPicker.m; sourceTree = "<group>"; };
		3562DE1E1EF78AF80073E398 /* UIView+Frame.h */ = {isa = PBXFileReference; fileEncoding = 4; lastKnownFileType = sourcecode.c.h; path = "UIView+Frame.h"; sourceTree = "<group>"; };
		3562DE1F1EF78AF80073E398 /* UIView+Frame.m */ = {isa = PBXFileReference; fileEncoding = 4; lastKnownFileType = sourcecode.c.objc; path = "UIView+Frame.m"; sourceTree = "<group>"; };
		9EB5CBC74A7797022A62DA31 /* Pods-ALCalendarPickerDemoTests.debug.xcconfig */ = {isa = PBXFileReference; includeInIndex = 1; lastKnownFileType = text.xcconfig; name = "Pods-ALCalendarPickerDemoTests.debug.xcconfig"; path = "Pods/Target Support Files/Pods-ALCalendarPickerDemoTests/Pods-ALCalendarPickerDemoTests.debug.xcconfig"; sourceTree = "<group>"; };
		A70FD02F7D78E0EE9412B87E /* libPods-ALCalendarPickerDemo.a */ = {isa = PBXFileReference; explicitFileType = archive.ar; includeInIndex = 0; path = "libPods-ALCalendarPickerDemo.a"; sourceTree = BUILT_PRODUCTS_DIR; };
		E78B7B17ACFC221EF3C0D782 /* Pods-ALCalendarPickerDemo.release.xcconfig */ = {isa = PBXFileReference; includeInIndex = 1; lastKnownFileType = text.xcconfig; name = "Pods-ALCalendarPickerDemo.release.xcconfig"; path = "Pods/Target Support Files/Pods-ALCalendarPickerDemo/Pods-ALCalendarPickerDemo.release.xcconfig"; sourceTree = "<group>"; };
		F9CEC1792CD4189AAEFA1AA6 /* Pods-ALCalendarPickerDemoTests.release.xcconfig */ = {isa = PBXFileReference; includeInIndex = 1; lastKnownFileType = text.xcconfig; name = "Pods-ALCalendarPickerDemoTests.release.xcconfig"; path = "Pods/Target Support Files/Pods-ALCalendarPickerDemoTests/Pods-ALCalendarPickerDemoTests.release.xcconfig"; sourceTree = "<group>"; };
		FB8B6271FB940DBF35604BDA /* Pods-ALCalendarPickerDemo.debug.xcconfig */ = {isa = PBXFileReference; includeInIndex = 1; lastKnownFileType = text.xcconfig; name = "Pods-ALCalendarPickerDemo.debug.xcconfig"; path = "Pods/Target Support Files/Pods-ALCalendarPickerDemo/Pods-ALCalendarPickerDemo.debug.xcconfig"; sourceTree = "<group>"; };
/* End PBXFileReference section */

/* Begin PBXFrameworksBuildPhase section */
		3550990C1EF3BE12008A65CA /* Frameworks */ = {
			isa = PBXFrameworksBuildPhase;
			buildActionMask = 2147483647;
			files = (
				B21B2A5D6EDDFD36F83467DC /* libPods-ALCalendarPickerDemo.a in Frameworks */,
			);
			runOnlyForDeploymentPostprocessing = 0;
		};
		355099251EF3BE12008A65CA /* Frameworks */ = {
			isa = PBXFrameworksBuildPhase;
			buildActionMask = 2147483647;
			files = (
				BF382131A61F76425BEB9716 /* libPods-ALCalendarPickerDemoTests.a in Frameworks */,
			);
			runOnlyForDeploymentPostprocessing = 0;
		};
/* End PBXFrameworksBuildPhase section */

/* Begin PBXGroup section */
		07FE870C8E1419310A1DA319 /* Frameworks */ = {
			isa = PBXGroup;
			children = (
				A70FD02F7D78E0EE9412B87E /* libPods-ALCalendarPickerDemo.a */,
				0B5703D22E2F2589862D5B51 /* libPods-ALCalendarPickerDemoTests.a */,
			);
			name = Frameworks;
			sourceTree = "<group>";
		};
		355099061EF3BE12008A65CA = {
			isa = PBXGroup;
			children = (
				355099111EF3BE12008A65CA /* ALCalendarPickerDemo */,
				3550992B1EF3BE12008A65CA /* ALCalendarPickerDemoTests */,
				355099101EF3BE12008A65CA /* Products */,
				DE4900DB7F19D8BCA1FF1BD3 /* Pods */,
				07FE870C8E1419310A1DA319 /* Frameworks */,
			);
			sourceTree = "<group>";
		};
		355099101EF3BE12008A65CA /* Products */ = {
			isa = PBXGroup;
			children = (
				3550990F1EF3BE12008A65CA /* ALCalendarPickerDemo.app */,
				355099281EF3BE12008A65CA /* ALCalendarPickerDemoTests.xctest */,
			);
			name = Products;
			sourceTree = "<group>";
		};
		355099111EF3BE12008A65CA /* ALCalendarPickerDemo */ = {
			isa = PBXGroup;
			children = (
				3562DE0E1EF78AF80073E398 /* ALCalendarPicker */,
				355099151EF3BE12008A65CA /* AppDelegate.h */,
				355099161EF3BE12008A65CA /* AppDelegate.m */,
				355099181EF3BE12008A65CA /* ViewController.h */,
				355099191EF3BE12008A65CA /* ViewController.m */,
				3550991B1EF3BE12008A65CA /* Main.storyboard */,
				3550991E1EF3BE12008A65CA /* Assets.xcassets */,
				355099201EF3BE12008A65CA /* LaunchScreen.storyboard */,
				355099231EF3BE12008A65CA /* Info.plist */,
				355099121EF3BE12008A65CA /* Supporting Files */,
			);
			path = ALCalendarPickerDemo;
			sourceTree = "<group>";
		};
		355099121EF3BE12008A65CA /* Supporting Files */ = {
			isa = PBXGroup;
			children = (
				355099131EF3BE12008A65CA /* main.m */,
			);
			name = "Supporting Files";
			sourceTree = "<group>";
		};
		3550992B1EF3BE12008A65CA /* ALCalendarPickerDemoTests */ = {
			isa = PBXGroup;
			children = (
				3550992C1EF3BE12008A65CA /* ALCalendarPickerDemoTests.m */,
				3550992E1EF3BE12008A65CA /* Info.plist */,
			);
			path = ALCalendarPickerDemoTests;
			sourceTree = "<group>";
		};
		3562DE0E1EF78AF80073E398 /* ALCalendarPicker */ = {
			isa = PBXGroup;
			children = (
				3562DE0F1EF78AF80073E398 /* ALCalendarCell.h */,
				3562DE101EF78AF80073E398 /* ALCalendarCell.m */,
				3562DE111EF78AF80073E398 /* ALCalendarCollectionView.h */,
				3562DE121EF78AF80073E398 /* ALCalendarCollectionView.m */,
				3562DE131EF78AF80073E398 /* ALCalendarConfig.h */,
				3562DE141EF78AF80073E398 /* ALCalendarConfig.m */,
				3562DE151EF78AF80073E398 /* ALCalendarDate.h */,
				3562DE161EF78AF80073E398 /* ALCalendarDate.m */,
				3562DE171EF78AF80073E398 /* ALCalendarHeader.h */,
				3562DE181EF78AF80073E398 /* ALCalendarHeader.m */,
				3562DE191EF78AF80073E398 /* ALCalendarHelper.h */,
				3562DE1A1EF78AF80073E398 /* ALCalendarHelper.m */,
				3562DE1B1EF78AF80073E398 /* ALCalendarPicker.bundle */,
				3562DE1C1EF78AF80073E398 /* ALCalendarPicker.h */,
				3562DE1D1EF78AF80073E398 /* ALCalendarPicker.m */,
				3562DE1E1EF78AF80073E398 /* UIView+Frame.h */,
				3562DE1F1EF78AF80073E398 /* UIView+Frame.m */,
			);
			path = ALCalendarPicker;
			sourceTree = SOURCE_ROOT;
		};
		DE4900DB7F19D8BCA1FF1BD3 /* Pods */ = {
			isa = PBXGroup;
			children = (
				FB8B6271FB940DBF35604BDA /* Pods-ALCalendarPickerDemo.debug.xcconfig */,
				E78B7B17ACFC221EF3C0D782 /* Pods-ALCalendarPickerDemo.release.xcconfig */,
				9EB5CBC74A7797022A62DA31 /* Pods-ALCalendarPickerDemoTests.debug.xcconfig */,
				F9CEC1792CD4189AAEFA1AA6 /* Pods-ALCalendarPickerDemoTests.release.xcconfig */,
			);
			name = Pods;
			sourceTree = "<group>";
		};
/* End PBXGroup section */

/* Begin PBXNativeTarget section */
		3550990E1EF3BE12008A65CA /* ALCalendarPickerDemo */ = {
			isa = PBXNativeTarget;
			buildConfigurationList = 355099311EF3BE12008A65CA /* Build configuration list for PBXNativeTarget "ALCalendarPickerDemo" */;
			buildPhases = (
				E4CCF281520071A0C3975A89 /* [CP] Check Pods Manifest.lock */,
				3550990B1EF3BE12008A65CA /* Sources */,
				3550990C1EF3BE12008A65CA /* Frameworks */,
				3550990D1EF3BE12008A65CA /* Resources */,
				7A462397ACADD624148D0BD8 /* [CP] Embed Pods Frameworks */,
				949E18EBF15C3BFAC7EA168D /* [CP] Copy Pods Resources */,
			);
			buildRules = (
			);
			dependencies = (
			);
			name = ALCalendarPickerDemo;
			productName = ALCalendarPickerDemo;
			productReference = 3550990F1EF3BE12008A65CA /* ALCalendarPickerDemo.app */;
			productType = "com.apple.product-type.application";
		};
		355099271EF3BE12008A65CA /* ALCalendarPickerDemoTests */ = {
			isa = PBXNativeTarget;
			buildConfigurationList = 355099341EF3BE12008A65CA /* Build configuration list for PBXNativeTarget "ALCalendarPickerDemoTests" */;
			buildPhases = (
				9220B8E8C43E7EA0DB4AABA7 /* [CP] Check Pods Manifest.lock */,
				355099241EF3BE12008A65CA /* Sources */,
				355099251EF3BE12008A65CA /* Frameworks */,
				355099261EF3BE12008A65CA /* Resources */,
				199811EB6A1DAC4ABCFD90CF /* [CP] Embed Pods Frameworks */,
				40F0E3C173A727DBCB0E50FB /* [CP] Copy Pods Resources */,
			);
			buildRules = (
			);
			dependencies = (
				3550992A1EF3BE12008A65CA /* PBXTargetDependency */,
			);
			name = ALCalendarPickerDemoTests;
			productName = ALCalendarPickerDemoTests;
			productReference = 355099281EF3BE12008A65CA /* ALCalendarPickerDemoTests.xctest */;
			productType = "com.apple.product-type.bundle.unit-test";
		};
/* End PBXNativeTarget section */

/* Begin PBXProject section */
		355099071EF3BE12008A65CA /* Project object */ = {
			isa = PBXProject;
			attributes = {
				LastUpgradeCheck = 0830;
				ORGANIZATIONNAME = arclin;
				TargetAttributes = {
					3550990E1EF3BE12008A65CA = {
						CreatedOnToolsVersion = 8.3.3;
						DevelopmentTeam = 3KUDYRU22W;
						ProvisioningStyle = Automatic;
					};
					355099271EF3BE12008A65CA = {
						CreatedOnToolsVersion = 8.3.3;
						DevelopmentTeam = 3KUDYRU22W;
						ProvisioningStyle = Automatic;
						TestTargetID = 3550990E1EF3BE12008A65CA;
					};
				};
			};
			buildConfigurationList = 3550990A1EF3BE12008A65CA /* Build configuration list for PBXProject "ALCalendarPickerDemo" */;
			compatibilityVersion = "Xcode 3.2";
			developmentRegion = English;
			hasScannedForEncodings = 0;
			knownRegions = (
				en,
				Base,
			);
			mainGroup = 355099061EF3BE12008A65CA;
			productRefGroup = 355099101EF3BE12008A65CA /* Products */;
			projectDirPath = "";
			projectRoot = "";
			targets = (
				3550990E1EF3BE12008A65CA /* ALCalendarPickerDemo */,
				355099271EF3BE12008A65CA /* ALCalendarPickerDemoTests */,
			);
		};
/* End PBXProject section */

/* Begin PBXResourcesBuildPhase section */
		3550990D1EF3BE12008A65CA /* Resources */ = {
			isa = PBXResourcesBuildPhase;
			buildActionMask = 2147483647;
			files = (
				3562DE261EF78AF80073E398 /* ALCalendarPicker.bundle in Resources */,
				355099221EF3BE12008A65CA /* LaunchScreen.storyboard in Resources */,
				3550991F1EF3BE12008A65CA /* Assets.xcassets in Resources */,
				3550991D1EF3BE12008A65CA /* Main.storyboard in Resources */,
			);
			runOnlyForDeploymentPostprocessing = 0;
		};
		355099261EF3BE12008A65CA /* Resources */ = {
			isa = PBXResourcesBuildPhase;
			buildActionMask = 2147483647;
			files = (
			);
			runOnlyForDeploymentPostprocessing = 0;
		};
/* End PBXResourcesBuildPhase section */

/* Begin PBXShellScriptBuildPhase section */
		199811EB6A1DAC4ABCFD90CF /* [CP] Embed Pods Frameworks */ = {
			isa = PBXShellScriptBuildPhase;
			buildActionMask = 2147483647;
			files = (
			);
			inputPaths = (
			);
			name = "[CP] Embed Pods Frameworks";
			outputPaths = (
			);
			runOnlyForDeploymentPostprocessing = 0;
			shellPath = /bin/sh;
			shellScript = "\"${SRCROOT}/Pods/Target Support Files/Pods-ALCalendarPickerDemoTests/Pods-ALCalendarPickerDemoTests-frameworks.sh\"\n";
			showEnvVarsInLog = 0;
		};
		40F0E3C173A727DBCB0E50FB /* [CP] Copy Pods Resources */ = {
			isa = PBXShellScriptBuildPhase;
			buildActionMask = 2147483647;
			files = (
			);
			inputPaths = (
			);
			name = "[CP] Copy Pods Resources";
			outputPaths = (
			);
			runOnlyForDeploymentPostprocessing = 0;
			shellPath = /bin/sh;
			shellScript = "\"${SRCROOT}/Pods/Target Support Files/Pods-ALCalendarPickerDemoTests/Pods-ALCalendarPickerDemoTests-resources.sh\"\n";
			showEnvVarsInLog = 0;
		};
		7A462397ACADD624148D0BD8 /* [CP] Embed Pods Frameworks */ = {
			isa = PBXShellScriptBuildPhase;
			buildActionMask = 2147483647;
			files = (
			);
			inputPaths = (
			);
			name = "[CP] Embed Pods Frameworks";
			outputPaths = (
			);
			runOnlyForDeploymentPostprocessing = 0;
			shellPath = /bin/sh;
			shellScript = "\"${SRCROOT}/Pods/Target Support Files/Pods-ALCalendarPickerDemo/Pods-ALCalendarPickerDemo-frameworks.sh\"\n";
			showEnvVarsInLog = 0;
		};
		9220B8E8C43E7EA0DB4AABA7 /* [CP] Check Pods Manifest.lock */ = {
			isa = PBXShellScriptBuildPhase;
			buildActionMask = 2147483647;
			files = (
			);
			inputPaths = (
			);
			name = "[CP] Check Pods Manifest.lock";
			outputPaths = (
			);
			runOnlyForDeploymentPostprocessing = 0;
			shellPath = /bin/sh;
			shellScript = "diff \"${PODS_ROOT}/../Podfile.lock\" \"${PODS_ROOT}/Manifest.lock\" > /dev/null\nif [ $? != 0 ] ; then\n    # print error to STDERR\n    echo \"error: The sandbox is not in sync with the Podfile.lock. Run 'pod install' or update your CocoaPods installation.\" >&2\n    exit 1\nfi\n";
			showEnvVarsInLog = 0;
		};
		949E18EBF15C3BFAC7EA168D /* [CP] Copy Pods Resources */ = {
			isa = PBXShellScriptBuildPhase;
			buildActionMask = 2147483647;
			files = (
			);
			inputPaths = (
			);
			name = "[CP] Copy Pods Resources";
			outputPaths = (
			);
			runOnlyForDeploymentPostprocessing = 0;
			shellPath = /bin/sh;
			shellScript = "\"${SRCROOT}/Pods/Target Support Files/Pods-ALCalendarPickerDemo/Pods-ALCalendarPickerDemo-resources.sh\"\n";
			showEnvVarsInLog = 0;
		};
		E4CCF281520071A0C3975A89 /* [CP] Check Pods Manifest.lock */ = {
			isa = PBXShellScriptBuildPhase;
			buildActionMask = 2147483647;
			files = (
			);
			inputPaths = (
			);
			name = "[CP] Check Pods Manifest.lock";
			outputPaths = (
			);
			runOnlyForDeploymentPostprocessing = 0;
			shellPath = /bin/sh;
			shellScript = "diff \"${PODS_ROOT}/../Podfile.lock\" \"${PODS_ROOT}/Manifest.lock\" > /dev/null\nif [ $? != 0 ] ; then\n    # print error to STDERR\n    echo \"error: The sandbox is not in sync with the Podfile.lock. Run 'pod install' or update your CocoaPods installation.\" >&2\n    exit 1\nfi\n";
			showEnvVarsInLog = 0;
		};
/* End PBXShellScriptBuildPhase section */

/* Begin PBXSourcesBuildPhase section */
		3550990B1EF3BE12008A65CA /* Sources */ = {
			isa = PBXSourcesBuildPhase;
			buildActionMask = 2147483647;
			files = (
				3562DE211EF78AF80073E398 /* ALCalendarCollectionView.m in Sources */,
				3562DE231EF78AF80073E398 /* ALCalendarDate.m in Sources */,
				3562DE271EF78AF80073E398 /* ALCalendarPicker.m in Sources */,
				3550991A1EF3BE12008A65CA /* ViewController.m in Sources */,
				3562DE251EF78AF80073E398 /* ALCalendarHelper.m in Sources */,
				3562DE221EF78AF80073E398 /* ALCalendarConfig.m in Sources */,
				355099171EF3BE12008A65CA /* AppDelegate.m in Sources */,
				3562DE241EF78AF80073E398 /* ALCalendarHeader.m in Sources */,
				3562DE201EF78AF80073E398 /* ALCalendarCell.m in Sources */,
				355099141EF3BE12008A65CA /* main.m in Sources */,
				3562DE281EF78AF80073E398 /* UIView+Frame.m in Sources */,
			);
			runOnlyForDeploymentPostprocessing = 0;
		};
		355099241EF3BE12008A65CA /* Sources */ = {
			isa = PBXSourcesBuildPhase;
			buildActionMask = 2147483647;
			files = (
				3550992D1EF3BE12008A65CA /* ALCalendarPickerDemoTests.m in Sources */,
			);
			runOnlyForDeploymentPostprocessing = 0;
		};
/* End PBXSourcesBuildPhase section */

/* Begin PBXTargetDependency section */
		3550992A1EF3BE12008A65CA /* PBXTargetDependency */ = {
			isa = PBXTargetDependency;
			target = 3550990E1EF3BE12008A65CA /* ALCalendarPickerDemo */;
			targetProxy = 355099291EF3BE12008A65CA /* PBXContainerItemProxy */;
		};
/* End PBXTargetDependency section */

/* Begin PBXVariantGroup section */
		3550991B1EF3BE12008A65CA /* Main.storyboard */ = {
			isa = PBXVariantGroup;
			children = (
				3550991C1EF3BE12008A65CA /* Base */,
			);
			name = Main.storyboard;
			sourceTree = "<group>";
		};
		355099201EF3BE12008A65CA /* LaunchScreen.storyboard */ = {
			isa = PBXVariantGroup;
			children = (
				355099211EF3BE12008A65CA /* Base */,
			);
			name = LaunchScreen.storyboard;
			sourceTree = "<group>";
		};
/* End PBXVariantGroup section */

/* Begin XCBuildConfiguration section */
		3550992F1EF3BE12008A65CA /* Debug */ = {
			isa = XCBuildConfiguration;
			buildSettings = {
				ALWAYS_SEARCH_USER_PATHS = NO;
				CLANG_ANALYZER_NONNULL = YES;
				CLANG_ANALYZER_NUMBER_OBJECT_CONVERSION = YES_AGGRESSIVE;
				CLANG_CXX_LANGUAGE_STANDARD = "gnu++0x";
				CLANG_CXX_LIBRARY = "libc++";
				CLANG_ENABLE_MODULES = YES;
				CLANG_ENABLE_OBJC_ARC = YES;
				CLANG_WARN_BOOL_CONVERSION = YES;
				CLANG_WARN_CONSTANT_CONVERSION = YES;
				CLANG_WARN_DIRECT_OBJC_ISA_USAGE = YES_ERROR;
				CLANG_WARN_DOCUMENTATION_COMMENTS = YES;
				CLANG_WARN_EMPTY_BODY = YES;
				CLANG_WARN_ENUM_CONVERSION = YES;
				CLANG_WARN_INFINITE_RECURSION = YES;
				CLANG_WARN_INT_CONVERSION = YES;
				CLANG_WARN_OBJC_ROOT_CLASS = YES_ERROR;
				CLANG_WARN_SUSPICIOUS_MOVE = YES;
				CLANG_WARN_UNREACHABLE_CODE = YES;
				CLANG_WARN__DUPLICATE_METHOD_MATCH = YES;
				"CODE_SIGN_IDENTITY[sdk=iphoneos*]" = "iPhone Developer";
				COPY_PHASE_STRIP = NO;
				DEBUG_INFORMATION_FORMAT = dwarf;
				ENABLE_STRICT_OBJC_MSGSEND = YES;
				ENABLE_TESTABILITY = YES;
				GCC_C_LANGUAGE_STANDARD = gnu99;
				GCC_DYNAMIC_NO_PIC = NO;
				GCC_NO_COMMON_BLOCKS = YES;
				GCC_OPTIMIZATION_LEVEL = 0;
				GCC_PREPROCESSOR_DEFINITIONS = (
					"DEBUG=1",
					"$(inherited)",
				);
				GCC_WARN_64_TO_32_BIT_CONVERSION = YES;
				GCC_WARN_ABOUT_RETURN_TYPE = YES_ERROR;
				GCC_WARN_UNDECLARED_SELECTOR = YES;
				GCC_WARN_UNINITIALIZED_AUTOS = YES_AGGRESSIVE;
				GCC_WARN_UNUSED_FUNCTION = YES;
				GCC_WARN_UNUSED_VARIABLE = YES;
				IPHONEOS_DEPLOYMENT_TARGET = 10.3;
				MTL_ENABLE_DEBUG_INFO = YES;
				ONLY_ACTIVE_ARCH = YES;
				SDKROOT = iphoneos;
				TARGETED_DEVICE_FAMILY = "1,2";
			};
			name = Debug;
		};
		355099301EF3BE12008A65CA /* Release */ = {
			isa = XCBuildConfiguration;
			buildSettings = {
				ALWAYS_SEARCH_USER_PATHS = NO;
				CLANG_ANALYZER_NONNULL = YES;
				CLANG_ANALYZER_NUMBER_OBJECT_CONVERSION = YES_AGGRESSIVE;
				CLANG_CXX_LANGUAGE_STANDARD = "gnu++0x";
				CLANG_CXX_LIBRARY = "libc++";
				CLANG_ENABLE_MODULES = YES;
				CLANG_ENABLE_OBJC_ARC = YES;
				CLANG_WARN_BOOL_CONVERSION = YES;
				CLANG_WARN_CONSTANT_CONVERSION = YES;
				CLANG_WARN_DIRECT_OBJC_ISA_USAGE = YES_ERROR;
				CLANG_WARN_DOCUMENTATION_COMMENTS = YES;
				CLANG_WARN_EMPTY_BODY = YES;
				CLANG_WARN_ENUM_CONVERSION = YES;
				CLANG_WARN_INFINITE_RECURSION = YES;
				CLANG_WARN_INT_CONVERSION = YES;
				CLANG_WARN_OBJC_ROOT_CLASS = YES_ERROR;
				CLANG_WARN_SUSPICIOUS_MOVE = YES;
				CLANG_WARN_UNREACHABLE_CODE = YES;
				CLANG_WARN__DUPLICATE_METHOD_MATCH = YES;
				"CODE_SIGN_IDENTITY[sdk=iphoneos*]" = "iPhone Developer";
				COPY_PHASE_STRIP = NO;
				DEBUG_INFORMATION_FORMAT = "dwarf-with-dsym";
				ENABLE_NS_ASSERTIONS = NO;
				ENABLE_STRICT_OBJC_MSGSEND = YES;
				GCC_C_LANGUAGE_STANDARD = gnu99;
				GCC_NO_COMMON_BLOCKS = YES;
				GCC_WARN_64_TO_32_BIT_CONVERSION = YES;
				GCC_WARN_ABOUT_RETURN_TYPE = YES_ERROR;
				GCC_WARN_UNDECLARED_SELECTOR = YES;
				GCC_WARN_UNINITIALIZED_AUTOS = YES_AGGRESSIVE;
				GCC_WARN_UNUSED_FUNCTION = YES;
				GCC_WARN_UNUSED_VARIABLE = YES;
				IPHONEOS_DEPLOYMENT_TARGET = 10.3;
				MTL_ENABLE_DEBUG_INFO = NO;
				SDKROOT = iphoneos;
				TARGETED_DEVICE_FAMILY = "1,2";
				VALIDATE_PRODUCT = YES;
			};
			name = Release;
		};
		355099321EF3BE12008A65CA /* Debug */ = {
			isa = XCBuildConfiguration;
			baseConfigurationReference = FB8B6271FB940DBF35604BDA /* Pods-ALCalendarPickerDemo.debug.xcconfig */;
			buildSettings = {
				ASSETCATALOG_COMPILER_APPICON_NAME = AppIcon;
				DEVELOPMENT_TEAM = 3KUDYRU22W;
				INFOPLIST_FILE = ALCalendarPickerDemo/Info.plist;
				IPHONEOS_DEPLOYMENT_TARGET = 8.0;
				LD_RUNPATH_SEARCH_PATHS = "$(inherited) @executable_path/Frameworks";
				PRODUCT_BUNDLE_IDENTIFIER = me.arclin.ALCalendarPickerDemo;
				PRODUCT_NAME = "$(TARGET_NAME)";
			};
			name = Debug;
		};
		355099331EF3BE12008A65CA /* Release */ = {
			isa = XCBuildConfiguration;
			baseConfigurationReference = E78B7B17ACFC221EF3C0D782 /* Pods-ALCalendarPickerDemo.release.xcconfig */;
			buildSettings = {
				ASSETCATALOG_COMPILER_APPICON_NAME = AppIcon;
				DEVELOPMENT_TEAM = 3KUDYRU22W;
				INFOPLIST_FILE = ALCalendarPickerDemo/Info.plist;
				IPHONEOS_DEPLOYMENT_TARGET = 8.0;
				LD_RUNPATH_SEARCH_PATHS = "$(inherited) @executable_path/Frameworks";
				PRODUCT_BUNDLE_IDENTIFIER = me.arclin.ALCalendarPickerDemo;
				PRODUCT_NAME = "$(TARGET_NAME)";
			};
			name = Release;
		};
		355099351EF3BE12008A65CA /* Debug */ = {
			isa = XCBuildConfiguration;
			baseConfigurationReference = 9EB5CBC74A7797022A62DA31 /* Pods-ALCalendarPickerDemoTests.debug.xcconfig */;
			buildSettings = {
				BUNDLE_LOADER = "$(TEST_HOST)";
				DEVELOPMENT_TEAM = 3KUDYRU22W;
				INFOPLIST_FILE = ALCalendarPickerDemoTests/Info.plist;
				LD_RUNPATH_SEARCH_PATHS = "$(inherited) @executable_path/Frameworks @loader_path/Frameworks";
				PRODUCT_BUNDLE_IDENTIFIER = me.arclin.ALCalendarPickerDemoTests;
				PRODUCT_NAME = "$(TARGET_NAME)";
				TEST_HOST = "$(BUILT_PRODUCTS_DIR)/ALCalendarPickerDemo.app/ALCalendarPickerDemo";
			};
			name = Debug;
		};
		355099361EF3BE12008A65CA /* Release */ = {
			isa = XCBuildConfiguration;
			baseConfigurationReference = F9CEC1792CD4189AAEFA1AA6 /* Pods-ALCalendarPickerDemoTests.release.xcconfig */;
			buildSettings = {
				BUNDLE_LOADER = "$(TEST_HOST)";
				DEVELOPMENT_TEAM = 3KUDYRU22W;
				INFOPLIST_FILE = ALCalendarPickerDemoTests/Info.plist;
				LD_RUNPATH_SEARCH_PATHS = "$(inherited) @executable_path/Frameworks @loader_path/Frameworks";
				PRODUCT_BUNDLE_IDENTIFIER = me.arclin.ALCalendarPickerDemoTests;
				PRODUCT_NAME = "$(TARGET_NAME)";
				TEST_HOST = "$(BUILT_PRODUCTS_DIR)/ALCalendarPickerDemo.app/ALCalendarPickerDemo";
			};
			name = Release;
		};
/* End XCBuildConfiguration section */

/* Begin XCConfigurationList section */
		3550990A1EF3BE12008A65CA /* Build configuration list for PBXProject "ALCalendarPickerDemo" */ = {
			isa = XCConfigurationList;
			buildConfigurations = (
				3550992F1EF3BE12008A65CA /* Debug */,
				355099301EF3BE12008A65CA /* Release */,
			);
			defaultConfigurationIsVisible = 0;
			defaultConfigurationName = Release;
		};
		355099311EF3BE12008A65CA /* Build configuration list for PBXNativeTarget "ALCalendarPickerDemo" */ = {
			isa = XCConfigurationList;
			buildConfigurations = (
				355099321EF3BE12008A65CA /* Debug */,
				355099331EF3BE12008A65CA /* Release */,
			);
			defaultConfigurationIsVisible = 0;
			defaultConfigurationName = Release;
		};
		355099341EF3BE12008A65CA /* Build configuration list for PBXNativeTarget "ALCalendarPickerDemoTests" */ = {
			isa = XCConfigurationList;
			buildConfigurations = (
				355099351EF3BE12008A65CA /* Debug */,
				355099361EF3BE12008A65CA /* Release */,
			);
			defaultConfigurationIsVisible = 0;
			defaultConfigurationName = Release;
		};
/* End XCConfigurationList section */
	};
	rootObject = 355099071EF3BE12008A65CA /* Project object */;
}
